
Microsoft Visual Studio Solution File, Format Version 12.00
# Visual Studio Version 17
VisualStudioVersion = 17.8.34511.84
MinimumVisualStudioVersion = 10.0.40219.1
Project("{FAE04EC0-301F-11D3-BF4B-00C04F79EFBC}") = "MergeSortedArrays", "LeetCode\MergeSortedArrays.csproj", "{FA5053F6-1142-4E90-958F-472CF2CB3225}"
EndProject
Global
	GlobalSection(SolutionConfigurationPlatforms) = preSolution
		Debug|Any CPU = Debug|Any CPU
		Release|Any CPU = Release|Any CPU
	EndGlobalSection
	GlobalSection(ProjectConfigurationPlatforms) = postSolution
		{FA5053F6-1142-4E90-958F-472CF2CB3225}.Debug|Any CPU.ActiveCfg = Debug|Any CPU
		{FA5053F6-1142-4E90-958F-472CF2CB3225}.Debug|Any CPU.Build.0 = Debug|Any CPU
		{FA5053F6-1142-4E90-958F-472CF2CB3225}.Release|Any CPU.ActiveCfg = Release|Any CPU
		{FA5053F6-1142-4E90-958F-472CF2CB3225}.Release|Any CPU.Build.0 = Release|Any CPU
	EndGlobalSection
	GlobalSection(SolutionProperties) = preSolution
		HideSolutionNode = FALSE
	EndGlobalSection
	GlobalSection(ExtensibilityGlobals) = postSolution
		SolutionGuid = {75D1E004-7313-49A1-933C-B567DB879EC7}
	EndGlobalSection
EndGlobal
